
Microsoft Visual Studio Solution File, Format Version 12.00
# Visual Studio Version 16
VisualStudioVersion = 16.0.29519.87
MinimumVisualStudioVersion = 10.0.40219.1
Project("{9A19103F-16F7-4668-BE54-9A1E7A4F7556}") = "UGTS.Log4NetCleaner", "source\UGTS.Log4NetCleaner\UGTS.Log4NetCleaner.csproj", "{9964C600-8D39-4027-8BBE-214227FC49CD}"
EndProject
Project("{9A19103F-16F7-4668-BE54-9A1E7A4F7556}") = "UGTS.Log4NetCleaner.FunctionalTest", "source\UGTS.Log4NetCleaner.FunctionalTest\UGTS.Log4NetCleaner.FunctionalTest.csproj", "{8506EC14-170E-445F-9FD8-DD21F2F13BA4}"
EndProject
Project("{9A19103F-16F7-4668-BE54-9A1E7A4F7556}") = "UGTS.Log4NetCleaner.UnitTest", "source\UGTS.Log4NetCleaner.UnitTest\UGTS.Log4NetCleaner.UnitTest.csproj", "{016A1298-6BBE-4B1E-AAC2-0378FF93E497}"
EndProject
Project("{2150E333-8FDC-42A3-9474-1A3956D46DE8}") = "Solution Items", "Solution Items", "{86DEFA9C-50AB-4BB6-894B-0FC5401F523A}"
	ProjectSection(SolutionItems) = preProject
		README.md = README.md
	EndProjectSection
EndProject
Global
	GlobalSection(SolutionConfigurationPlatforms) = preSolution
		Debug|Any CPU = Debug|Any CPU
		Debug|x86 = Debug|x86
		Release|Any CPU = Release|Any CPU
		Release|x86 = Release|x86
	EndGlobalSection
	GlobalSection(ProjectConfigurationPlatforms) = postSolution
		{9964C600-8D39-4027-8BBE-214227FC49CD}.Debug|Any CPU.ActiveCfg = Debug|Any CPU
		{9964C600-8D39-4027-8BBE-214227FC49CD}.Debug|Any CPU.Build.0 = Debug|Any CPU
		{9964C600-8D39-4027-8BBE-214227FC49CD}.Debug|x86.ActiveCfg = Debug|Any CPU
		{9964C600-8D39-4027-8BBE-214227FC49CD}.Debug|x86.Build.0 = Debug|Any CPU
		{9964C600-8D39-4027-8BBE-214227FC49CD}.Release|Any CPU.ActiveCfg = Release|Any CPU
		{9964C600-8D39-4027-8BBE-214227FC49CD}.Release|Any CPU.Build.0 = Release|Any CPU
		{9964C600-8D39-4027-8BBE-214227FC49CD}.Release|x86.ActiveCfg = Release|Any CPU
		{9964C600-8D39-4027-8BBE-214227FC49CD}.Release|x86.Build.0 = Release|Any CPU
		{8506EC14-170E-445F-9FD8-DD21F2F13BA4}.Debug|Any CPU.ActiveCfg = Debug|Any CPU
		{8506EC14-170E-445F-9FD8-DD21F2F13BA4}.Debug|Any CPU.Build.0 = Debug|Any CPU
		{8506EC14-170E-445F-9FD8-DD21F2F13BA4}.Debug|x86.ActiveCfg = Debug|Any CPU
		{8506EC14-170E-445F-9FD8-DD21F2F13BA4}.Debug|x86.Build.0 = Debug|Any CPU
		{8506EC14-170E-445F-9FD8-DD21F2F13BA4}.Release|Any CPU.ActiveCfg = Release|Any CPU
		{8506EC14-170E-445F-9FD8-DD21F2F13BA4}.Release|Any CPU.Build.0 = Release|Any CPU
		{8506EC14-170E-445F-9FD8-DD21F2F13BA4}.Release|x86.ActiveCfg = Release|Any CPU
		{8506EC14-170E-445F-9FD8-DD21F2F13BA4}.Release|x86.Build.0 = Release|Any CPU
		{016A1298-6BBE-4B1E-AAC2-0378FF93E497}.Debug|Any CPU.ActiveCfg = Debug|Any CPU
		{016A1298-6BBE-4B1E-AAC2-0378FF93E497}.Debug|Any CPU.Build.0 = Debug|Any CPU
		{016A1298-6BBE-4B1E-AAC2-0378FF93E497}.Debug|x86.ActiveCfg = Debug|Any CPU
		{016A1298-6BBE-4B1E-AAC2-0378FF93E497}.Debug|x86.Build.0 = Debug|Any CPU
		{016A1298-6BBE-4B1E-AAC2-0378FF93E497}.Release|Any CPU.ActiveCfg = Release|Any CPU
		{016A1298-6BBE-4B1E-AAC2-0378FF93E497}.Release|Any CPU.Build.0 = Release|Any CPU
		{016A1298-6BBE-4B1E-AAC2-0378FF93E497}.Release|x86.ActiveCfg = Release|Any CPU
		{016A1298-6BBE-4B1E-AAC2-0378FF93E497}.Release|x86.Build.0 = Release|Any CPU
	EndGlobalSection
	GlobalSection(SolutionProperties) = preSolution
		HideSolutionNode = FALSE
	EndGlobalSection
	GlobalSection(ExtensibilityGlobals) = postSolution
		SolutionGuid = {DB4A2C12-57D3-4CFD-8035-8AA3101CE0F4}
	EndGlobalSection
EndGlobal
